
Microsoft Visual Studio Solution File, Format Version 12.00
# Visual Studio Version 16
VisualStudioVersion = 16.0.31424.327
MinimumVisualStudioVersion = 10.0.40219.1
Project("{FAE04EC0-301F-11D3-BF4B-00C04F79EFBC}") = "GreatProject", "GreatProject\GreatProject.csproj", "{8D43DE9B-56FA-48BE-BDB5-9F751D15FF16}"
EndProject
Project("{2150E333-8FDC-42A3-9474-1A3956D46DE8}") = "Images", "Images", "{04E693F6-3801-427B-979C-78A233E33ED2}"
	ProjectSection(SolutionItems) = preProject
		D:\downolad\7830819_warehouse_cart_packages_icon.png = D:\downolad\7830819_warehouse_cart_packages_icon.png
	EndProjectSection
EndProject
Global
	GlobalSection(SolutionConfigurationPlatforms) = preSolution
		Debug|Any CPU = Debug|Any CPU
		Release|Any CPU = Release|Any CPU
	EndGlobalSection
	GlobalSection(ProjectConfigurationPlatforms) = postSolution
		{8D43DE9B-56FA-48BE-BDB5-9F751D15FF16}.Debug|Any CPU.ActiveCfg = Debug|Any CPU
		{8D43DE9B-56FA-48BE-BDB5-9F751D15FF16}.Debug|Any CPU.Build.0 = Debug|Any CPU
		{8D43DE9B-56FA-48BE-BDB5-9F751D15FF16}.Release|Any CPU.ActiveCfg = Release|Any CPU
		{8D43DE9B-56FA-48BE-BDB5-9F751D15FF16}.Release|Any CPU.Build.0 = Release|Any CPU
	EndGlobalSection
	GlobalSection(SolutionProperties) = preSolution
		HideSolutionNode = FALSE
	EndGlobalSection
	GlobalSection(ExtensibilityGlobals) = postSolution
		SolutionGuid = {43666364-563F-4318-AF43-0C70E2554B03}
	EndGlobalSection
EndGlobal
